// !$*UTF8*$!
{
	archiveVersion = 1;
	classes = {
	};
	objectVersion = 48;
	objects = {

/* Begin PBXBuildFile section */
		A722A68C21C55F8E00F5181A /* AppDelegate.swift in Sources */ = {isa = PBXBuildFile; fileRef = A722A68B21C55F8E00F5181A /* AppDelegate.swift */; };
		A722A68E21C55F8E00F5181A /* ViewController.swift in Sources */ = {isa = PBXBuildFile; fileRef = A722A68D21C55F8E00F5181A /* ViewController.swift */; };
		A722A69121C55F8E00F5181A /* Main.storyboard in Resources */ = {isa = PBXBuildFile; fileRef = A722A68F21C55F8E00F5181A /* Main.storyboard */; };
		A722A69321C55F8E00F5181A /* Assets.xcassets in Resources */ = {isa = PBXBuildFile; fileRef = A722A69221C55F8E00F5181A /* Assets.xcassets */; };
		A722A69621C55F8E00F5181A /* LaunchScreen.storyboard in Resources */ = {isa = PBXBuildFile; fileRef = A722A69421C55F8E00F5181A /* LaunchScreen.storyboard */; };
/* End PBXBuildFile section */

/* Begin PBXFileReference section */
		A722A68821C55F8E00F5181A /* testCloningProjectCourse3.app */ = {isa = PBXFileReference; explicitFileType = wrapper.application; includeInIndex = 0; path = testCloningProjectCourse3.app; sourceTree = BUILT_PRODUCTS_DIR; };
		A722A68B21C55F8E00F5181A /* AppDelegate.swift */ = {isa = PBXFileReference; lastKnownFileType = sourcecode.swift; path = AppDelegate.swift; sourceTree = "<group>"; };
		A722A68D21C55F8E00F5181A /* ViewController.swift */ = {isa = PBXFileReference; lastKnownFileType = sourcecode.swift; path = ViewController.swift; sourceTree = "<group>"; };
		A722A69021C55F8E00F5181A /* Base */ = {isa = PBXFileReference; lastKnownFileType = file.storyboard; name = Base; path = Base.lproj/Main.storyboard; sourceTree = "<group>"; };
		A722A69221C55F8E00F5181A /* Assets.xcassets */ = {isa = PBXFileReference; lastKnownFileType = folder.assetcatalog; path = Assets.xcassets; sourceTree = "<group>"; };
		A722A69521C55F8E00F5181A /* Base */ = {isa = PBXFileReference; lastKnownFileType = file.storyboard; name = Base; path = Base.lproj/LaunchScreen.storyboard; sourceTree = "<group>"; };
		A722A69721C55F8E00F5181A /* Info.plist */ = {isa = PBXFileReference; lastKnownFileType = text.plist.xml; path = Info.plist; sourceTree = "<group>"; };
/* End PBXFileReference section */

/* Begin PBXFrameworksBuildPhase section */
		A722A68521C55F8E00F5181A /* Frameworks */ = {
			isa = PBXFrameworksBuildPhase;
			buildActionMask = 2147483647;
			files = (
			);
			runOnlyForDeploymentPostprocessing = 0;
		};
/* End PBXFrameworksBuildPhase section */

/* Begin PBXGroup section */
		A722A67F21C55F8E00F5181A = {
			isa = PBXGroup;
			children = (
				A722A68A21C55F8E00F5181A /* testCloningProjectCourse3 */,
				A722A68921C55F8E00F5181A /* Products */,
			);
			sourceTree = "<group>";
		};
		A722A68921C55F8E00F5181A /* Products */ = {
			isa = PBXGroup;
			children = (
				A722A68821C55F8E00F5181A /* testCloningProjectCourse3.app */,
			);
			name = Products;
			sourceTree = "<group>";
		};
		A722A68A21C55F8E00F5181A /* testCloningProjectCourse3 */ = {
			isa = PBXGroup;
			children = (
				A722A68B21C55F8E00F5181A /* AppDelegate.swift */,
				A722A68D21C55F8E00F5181A /* ViewController.swift */,
				A722A68F21C55F8E00F5181A /* Main.storyboard */,
				A722A69221C55F8E00F5181A /* Assets.xcassets */,
				A722A69421C55F8E00F5181A /* LaunchScreen.storyboard */,
				A722A69721C55F8E00F5181A /* Info.plist */,
			);
			path = testCloningProjectCourse3;
			sourceTree = "<group>";
		};
/* End PBXGroup section */

/* Begin PBXNativeTarget section */
		A722A68721C55F8E00F5181A /* testCloningProjectCourse3 */ = {
			isa = PBXNativeTarget;
			buildConfigurationList = A722A69A21C55F8E00F5181A /* Build configuration list for PBXNativeTarget "testCloningProjectCourse3" */;
			buildPhases = (
				A722A68421C55F8E00F5181A /* Sources */,
				A722A68521C55F8E00F5181A /* Frameworks */,
				A722A68621C55F8E00F5181A /* Resources */,
			);
			buildRules = (
			);
			dependencies = (
			);
			name = testCloningProjectCourse3;
			productName = testCloningProjectCourse3;
			productReference = A722A68821C55F8E00F5181A /* testCloningProjectCourse3.app */;
			productType = "com.apple.product-type.application";
		};
/* End PBXNativeTarget section */

/* Begin PBXProject section */
		A722A68021C55F8E00F5181A /* Project object */ = {
			isa = PBXProject;
			attributes = {
				LastSwiftUpdateCheck = 0920;
				LastUpgradeCheck = 0920;
				ORGANIZATIONNAME = "Islam Kasem";
				TargetAttributes = {
					A722A68721C55F8E00F5181A = {
						CreatedOnToolsVersion = 9.2;
						ProvisioningStyle = Automatic;
					};
				};
			};
			buildConfigurationList = A722A68321C55F8E00F5181A /* Build configuration list for PBXProject "testCloningProjectCourse3" */;
			compatibilityVersion = "Xcode 8.0";
			developmentRegion = en;
			hasScannedForEncodings = 0;
			knownRegions = (
				en,
				Base,
			);
			mainGroup = A722A67F21C55F8E00F5181A;
			productRefGroup = A722A68921C55F8E00F5181A /* Products */;
			projectDirPath = "";
			projectRoot = "";
			targets = (
				A722A68721C55F8E00F5181A /* testCloningProjectCourse3 */,
			);
		};
/* End PBXProject section */

/* Begin PBXResourcesBuildPhase section */
		A722A68621C55F8E00F5181A /* Resources */ = {
			isa = PBXResourcesBuildPhase;
			buildActionMask = 2147483647;
			files = (
				A722A69621C55F8E00F5181A /* LaunchScreen.storyboard in Resources */,
				A722A69321C55F8E00F5181A /* Assets.xcassets in Resources */,
				A722A69121C55F8E00F5181A /* Main.storyboard in Resources */,
			);
			runOnlyForDeploymentPostprocessing = 0;
		};
/* End PBXResourcesBuildPhase section */

/* Begin PBXSourcesBuildPhase section */
		A722A68421C55F8E00F5181A /* Sources */ = {
			isa = PBXSourcesBuildPhase;
			buildActionMask = 2147483647;
			files = (
				A722A68E21C55F8E00F5181A /* ViewController.swift in Sources */,
				A722A68C21C55F8E00F5181A /* AppDelegate.swift in Sources */,
			);
			runOnlyForDeploymentPostprocessing = 0;
		};
/* End PBXSourcesBuildPhase section */

/* Begin PBXVariantGroup section */
		A722A68F21C55F8E00F5181A /* Main.storyboard */ = {
			isa = PBXVariantGroup;
			children = (
				A722A69021C55F8E00F5181A /* Base */,
			);
			name = Main.storyboard;
			sourceTree = "<group>";
		};
		A722A69421C55F8E00F5181A /* LaunchScreen.storyboard */ = {
			isa = PBXVariantGroup;
			children = (
				A722A69521C55F8E00F5181A /* Base */,
			);
			name = LaunchScreen.storyboard;
			sourceTree = "<group>";
		};
/* End PBXVariantGroup section */

/* Begin XCBuildConfiguration section */
		A722A69821C55F8E00F5181A /* Debug */ = {
			isa = XCBuildConfiguration;
			buildSettings = {
				ALWAYS_SEARCH_USER_PATHS = NO;
				CLANG_ANALYZER_NONNULL = YES;
				CLANG_ANALYZER_NUMBER_OBJECT_CONVERSION = YES_AGGRESSIVE;
				CLANG_CXX_LANGUAGE_STANDARD = "gnu++14";
				CLANG_CXX_LIBRARY = "libc++";
				CLANG_ENABLE_MODULES = YES;
				CLANG_ENABLE_OBJC_ARC = YES;
				CLANG_WARN_BLOCK_CAPTURE_AUTORELEASING = YES;
				CLANG_WARN_BOOL_CONVERSION = YES;
				CLANG_WARN_COMMA = YES;
				CLANG_WARN_CONSTANT_CONVERSION = YES;
				CLANG_WARN_DIRECT_OBJC_ISA_USAGE = YES_ERROR;
				CLANG_WARN_DOCUMENTATION_COMMENTS = YES;
				CLANG_WARN_EMPTY_BODY = YES;
				CLANG_WARN_ENUM_CONVERSION = YES;
				CLANG_WARN_INFINITE_RECURSION = YES;
				CLANG_WARN_INT_CONVERSION = YES;
				CLANG_WARN_NON_LITERAL_NULL_CONVERSION = YES;
				CLANG_WARN_OBJC_LITERAL_CONVERSION = YES;
				CLANG_WARN_OBJC_ROOT_CLASS = YES_ERROR;
				CLANG_WARN_RANGE_LOOP_ANALYSIS = YES;
				CLANG_WARN_STRICT_PROTOTYPES = YES;
				CLANG_WARN_SUSPICIOUS_MOVE = YES;
				CLANG_WARN_UNGUARDED_AVAILABILITY = YES_AGGRESSIVE;
				CLANG_WARN_UNREACHABLE_CODE = YES;
				CLANG_WARN__DUPLICATE_METHOD_MATCH = YES;
				CODE_SIGN_IDENTITY = "iPhone Developer";
				COPY_PHASE_STRIP = NO;
				DEBUG_INFORMATION_FORMAT = dwarf;
				ENABLE_STRICT_OBJC_MSGSEND = YES;
				ENABLE_TESTABILITY = YES;
				GCC_C_LANGUAGE_STANDARD = gnu11;
				GCC_DYNAMIC_NO_PIC = NO;
				GCC_NO_COMMON_BLOCKS = YES;
				GCC_OPTIMIZATION_LEVEL = 0;
				GCC_PREPROCESSOR_DEFINITIONS = (
					"DEBUG=1",
					"$(inherited)",
				);
				GCC_WARN_64_TO_32_BIT_CONVERSION = YES;
				GCC_WARN_ABOUT_RETURN_TYPE = YES_ERROR;
				GCC_WARN_UNDECLARED_SELECTOR = YES;
				GCC_WARN_UNINITIALIZED_AUTOS = YES_AGGRESSIVE;
				GCC_WARN_UNUSED_FUNCTION = YES;
				GCC_WARN_UNUSED_VARIABLE = YES;
				IPHONEOS_DEPLOYMENT_TARGET = 11.2;
				MTL_ENABLE_DEBUG_INFO = YES;
				ONLY_ACTIVE_ARCH = YES;
				SDKROOT = iphoneos;
				SWIFT_ACTIVE_COMPILATION_CONDITIONS = DEBUG;
				SWIFT_OPTIMIZATION_LEVEL = "-Onone";
			};
			name = Debug;
		};
		A722A69921C55F8E00F5181A /* Release */ = {
			isa = XCBuildConfiguration;
			buildSettings = {
				ALWAYS_SEARCH_USER_PATHS = NO;
				CLANG_ANALYZER_NONNULL = YES;
				CLANG_ANALYZER_NUMBER_OBJECT_CONVERSION = YES_AGGRESSIVE;
				CLANG_CXX_LANGUAGE_STANDARD = "gnu++14";
				CLANG_CXX_LIBRARY = "libc++";
				CLANG_ENABLE_MODULES = YES;
				CLANG_ENABLE_OBJC_ARC = YES;
				CLANG_WARN_BLOCK_CAPTURE_AUTORELEASING = YES;
				CLANG_WARN_BOOL_CONVERSION = YES;
				CLANG_WARN_COMMA = YES;
				CLANG_WARN_CONSTANT_CONVERSION = YES;
				CLANG_WARN_DIRECT_OBJC_ISA_USAGE = YES_ERROR;
				CLANG_WARN_DOCUMENTATION_COMMENTS = YES;
				CLANG_WARN_EMPTY_BODY = YES;
				CLANG_WARN_ENUM_CONVERSION = YES;
				CLANG_WARN_INFINITE_RECURSION = YES;
				CLANG_WARN_INT_CONVERSION = YES;
				CLANG_WARN_NON_LITERAL_NULL_CONVERSION = YES;
				CLANG_WARN_OBJC_LITERAL_CONVERSION = YES;
				CLANG_WARN_OBJC_ROOT_CLASS = YES_ERROR;
				CLANG_WARN_RANGE_LOOP_ANALYSIS = YES;
				CLANG_WARN_STRICT_PROTOTYPES = YES;
				CLANG_WARN_SUSPICIOUS_MOVE = YES;
				CLANG_WARN_UNGUARDED_AVAILABILITY = YES_AGGRESSIVE;
				CLANG_WARN_UNREACHABLE_CODE = YES;
				CLANG_WARN__DUPLICATE_METHOD_MATCH = YES;
				CODE_SIGN_IDENTITY = "iPhone Developer";
				COPY_PHASE_STRIP = NO;
				DEBUG_INFORMATION_FORMAT = "dwarf-with-dsym";
				ENABLE_NS_ASSERTIONS = NO;
				ENABLE_STRICT_OBJC_MSGSEND = YES;
				GCC_C_LANGUAGE_STANDARD = gnu11;
				GCC_NO_COMMON_BLOCKS = YES;
				GCC_WARN_64_TO_32_BIT_CONVERSION = YES;
				GCC_WARN_ABOUT_RETURN_TYPE = YES_ERROR;
				GCC_WARN_UNDECLARED_SELECTOR = YES;
				GCC_WARN_UNINITIALIZED_AUTOS = YES_AGGRESSIVE;
				GCC_WARN_UNUSED_FUNCTION = YES;
				GCC_WARN_UNUSED_VARIABLE = YES;
				IPHONEOS_DEPLOYMENT_TARGET = 11.2;
				MTL_ENABLE_DEBUG_INFO = NO;
				SDKROOT = iphoneos;
				SWIFT_OPTIMIZATION_LEVEL = "-Owholemodule";
				VALIDATE_PRODUCT = YES;
			};
			name = Release;
		};
		A722A69B21C55F8E00F5181A /* Debug */ = {
			isa = XCBuildConfiguration;
			buildSettings = {
				ASSETCATALOG_COMPILER_APPICON_NAME = AppIcon;
				CODE_SIGN_STYLE = Automatic;
				INFOPLIST_FILE = testCloningProjectCourse3/Info.plist;
				LD_RUNPATH_SEARCH_PATHS = "$(inherited) @executable_path/Frameworks";
				PRODUCT_BUNDLE_IDENTIFIER = iskasem.testCloningProjectCourse3;
				PRODUCT_NAME = "$(TARGET_NAME)";
				SWIFT_VERSION = 4.0;
				TARGETED_DEVICE_FAMILY = "1,2";
			};
			name = Debug;
		};
		A722A69C21C55F8E00F5181A /* Release */ = {
			isa = XCBuildConfiguration;
			buildSettings = {
				ASSETCATALOG_COMPILER_APPICON_NAME = AppIcon;
				CODE_SIGN_STYLE = Automatic;
				INFOPLIST_FILE = testCloningProjectCourse3/Info.plist;
				LD_RUNPATH_SEARCH_PATHS = "$(inherited) @executable_path/Frameworks";
				PRODUCT_BUNDLE_IDENTIFIER = iskasem.testCloningProjectCourse3;
				PRODUCT_NAME = "$(TARGET_NAME)";
				SWIFT_VERSION = 4.0;
				TARGETED_DEVICE_FAMILY = "1,2";
			};
			name = Release;
		};
/* End XCBuildConfiguration section */

/* Begin XCConfigurationList section */
		A722A68321C55F8E00F5181A /* Build configuration list for PBXProject "testCloningProjectCourse3" */ = {
			isa = XCConfigurationList;
			buildConfigurations = (
				A722A69821C55F8E00F5181A /* Debug */,
				A722A69921C55F8E00F5181A /* Release */,
			);
			defaultConfigurationIsVisible = 0;
			defaultConfigurationName = Release;
		};
		A722A69A21C55F8E00F5181A /* Build configuration list for PBXNativeTarget "testCloningProjectCourse3" */ = {
			isa = XCConfigurationList;
			buildConfigurations = (
				A722A69B21C55F8E00F5181A /* Debug */,
				A722A69C21C55F8E00F5181A /* Release */,
			);
			defaultConfigurationIsVisible = 0;
			defaultConfigurationName = Release;
		};
/* End XCConfigurationList section */
	};
	rootObject = A722A68021C55F8E00F5181A /* Project object */;
}
